
Microsoft Visual Studio Solution File, Format Version 12.00
# Visual Studio Version 17
VisualStudioVersion = 17.4.33213.308
MinimumVisualStudioVersion = 10.0.40219.1
Project("{FAE04EC0-301F-11D3-BF4B-00C04F79EFBC}") = "PictureViewer", "PictureViewer\PictureViewer.csproj", "{9EFF487F-DE6C-4E7A-9CE4-70E4D64821F3}"
EndProject
Global
	GlobalSection(SolutionConfigurationPlatforms) = preSolution
		Debug|Any CPU = Debug|Any CPU
		Release|Any CPU = Release|Any CPU
	EndGlobalSection
	GlobalSection(ProjectConfigurationPlatforms) = postSolution
		{9EFF487F-DE6C-4E7A-9CE4-70E4D64821F3}.Debug|Any CPU.ActiveCfg = Debug|Any CPU
		{9EFF487F-DE6C-4E7A-9CE4-70E4D64821F3}.Debug|Any CPU.Build.0 = Debug|Any CPU
		{9EFF487F-DE6C-4E7A-9CE4-70E4D64821F3}.Release|Any CPU.ActiveCfg = Release|Any CPU
		{9EFF487F-DE6C-4E7A-9CE4-70E4D64821F3}.Release|Any CPU.Build.0 = Release|Any CPU
	EndGlobalSection
	GlobalSection(SolutionProperties) = preSolution
		HideSolutionNode = FALSE
	EndGlobalSection
	GlobalSection(ExtensibilityGlobals) = postSolution
		SolutionGuid = {E19E3F3B-3577-4C2D-A96C-16D6796AADAA}
	EndGlobalSection
EndGlobal
